
Microsoft Visual Studio Solution File, Format Version 12.00
# Visual Studio 15
VisualStudioVersion = 15.0.26730.10
MinimumVisualStudioVersion = 10.0.40219.1
Project("{8BC9CEB8-8B4A-11D0-8D11-00A0C91BC942}") = "finite_element_method", "finite_element_method\finite_element_method.vcxproj", "{CF431079-4305-41D8-BB6C-934D0655606A}"
EndProject
Global
	GlobalSection(SolutionConfigurationPlatforms) = preSolution
		Debug|x64 = Debug|x64
		Debug|x86 = Debug|x86
		Release|x64 = Release|x64
		Release|x86 = Release|x86
	EndGlobalSection
	GlobalSection(ProjectConfigurationPlatforms) = postSolution
		{CF431079-4305-41D8-BB6C-934D0655606A}.Debug|x64.ActiveCfg = Debug|x64
		{CF431079-4305-41D8-BB6C-934D0655606A}.Debug|x64.Build.0 = Debug|x64
		{CF431079-4305-41D8-BB6C-934D0655606A}.Debug|x86.ActiveCfg = Debug|Win32
		{CF431079-4305-41D8-BB6C-934D0655606A}.Debug|x86.Build.0 = Debug|Win32
		{CF431079-4305-41D8-BB6C-934D0655606A}.Release|x64.ActiveCfg = Release|x64
		{CF431079-4305-41D8-BB6C-934D0655606A}.Release|x64.Build.0 = Release|x64
		{CF431079-4305-41D8-BB6C-934D0655606A}.Release|x86.ActiveCfg = Release|Win32
		{CF431079-4305-41D8-BB6C-934D0655606A}.Release|x86.Build.0 = Release|Win32
	EndGlobalSection
	GlobalSection(SolutionProperties) = preSolution
		HideSolutionNode = FALSE
	EndGlobalSection
	GlobalSection(ExtensibilityGlobals) = postSolution
		SolutionGuid = {7E6B63A8-90C8-4642-8005-724905D62611}
	EndGlobalSection
EndGlobal
